
Microsoft Visual Studio Solution File, Format Version 12.00
# Visual Studio 15
VisualStudioVersion = 15.0.26730.10
MinimumVisualStudioVersion = 10.0.40219.1
Project("{FAE04EC0-301F-11D3-BF4B-00C04F79EFBC}") = "WeatherApp", "WeatherApp\WeatherApp.csproj", "{47EADC75-D24B-436F-B517-F095E801A193}"
EndProject
Global
	GlobalSection(SolutionConfigurationPlatforms) = preSolution
		Debug|Any CPU = Debug|Any CPU
		Release|Any CPU = Release|Any CPU
	EndGlobalSection
	GlobalSection(ProjectConfigurationPlatforms) = postSolution
		{47EADC75-D24B-436F-B517-F095E801A193}.Debug|Any CPU.ActiveCfg = Debug|Any CPU
		{47EADC75-D24B-436F-B517-F095E801A193}.Debug|Any CPU.Build.0 = Debug|Any CPU
		{47EADC75-D24B-436F-B517-F095E801A193}.Release|Any CPU.ActiveCfg = Release|Any CPU
		{47EADC75-D24B-436F-B517-F095E801A193}.Release|Any CPU.Build.0 = Release|Any CPU
	EndGlobalSection
	GlobalSection(SolutionProperties) = preSolution
		HideSolutionNode = FALSE
	EndGlobalSection
	GlobalSection(ExtensibilityGlobals) = postSolution
		SolutionGuid = {07FEFDAA-6B23-4336-8FBF-3470F9B8A010}
	EndGlobalSection
EndGlobal
